
Microsoft Visual Studio Solution File, Format Version 12.00
# Visual Studio 15
VisualStudioVersion = 15.0.27004.2006
MinimumVisualStudioVersion = 15.0.26124.0
Project("{FAE04EC0-301F-11D3-BF4B-00C04F79EFBC}") = "DoomedDatabases.Postgres", "src\DoomedDatabases.Postgres\DoomedDatabases.Postgres.csproj", "{7E2722A6-7F9A-4932-9642-36E3EAFB1E12}"
EndProject
Global
	GlobalSection(SolutionConfigurationPlatforms) = preSolution
		Debug|Any CPU = Debug|Any CPU
		Debug|x64 = Debug|x64
		Debug|x86 = Debug|x86
		Release|Any CPU = Release|Any CPU
		Release|x64 = Release|x64
		Release|x86 = Release|x86
	EndGlobalSection
	GlobalSection(ProjectConfigurationPlatforms) = postSolution
		{7E2722A6-7F9A-4932-9642-36E3EAFB1E12}.Debug|Any CPU.ActiveCfg = Debug|Any CPU
		{7E2722A6-7F9A-4932-9642-36E3EAFB1E12}.Debug|Any CPU.Build.0 = Debug|Any CPU
		{7E2722A6-7F9A-4932-9642-36E3EAFB1E12}.Debug|x64.ActiveCfg = Debug|Any CPU
		{7E2722A6-7F9A-4932-9642-36E3EAFB1E12}.Debug|x64.Build.0 = Debug|Any CPU
		{7E2722A6-7F9A-4932-9642-36E3EAFB1E12}.Debug|x86.ActiveCfg = Debug|Any CPU
		{7E2722A6-7F9A-4932-9642-36E3EAFB1E12}.Debug|x86.Build.0 = Debug|Any CPU
		{7E2722A6-7F9A-4932-9642-36E3EAFB1E12}.Release|Any CPU.ActiveCfg = Release|Any CPU
		{7E2722A6-7F9A-4932-9642-36E3EAFB1E12}.Release|Any CPU.Build.0 = Release|Any CPU
		{7E2722A6-7F9A-4932-9642-36E3EAFB1E12}.Release|x64.ActiveCfg = Release|Any CPU
		{7E2722A6-7F9A-4932-9642-36E3EAFB1E12}.Release|x64.Build.0 = Release|Any CPU
		{7E2722A6-7F9A-4932-9642-36E3EAFB1E12}.Release|x86.ActiveCfg = Release|Any CPU
		{7E2722A6-7F9A-4932-9642-36E3EAFB1E12}.Release|x86.Build.0 = Release|Any CPU
	EndGlobalSection
	GlobalSection(SolutionProperties) = preSolution
		HideSolutionNode = FALSE
	EndGlobalSection
	GlobalSection(ExtensibilityGlobals) = postSolution
		SolutionGuid = {C83B28FE-3354-4CC1-A407-1A47C9353F99}
	EndGlobalSection
EndGlobal
